
Microsoft Visual Studio Solution File, Format Version 12.00
# Visual Studio Version 18
VisualStudioVersion = 18.0.11109.219 d18.0-oob
MinimumVisualStudioVersion = 10.0.40219.1
Project("{2150E333-8FDC-42A3-9474-1A3956D46DE8}") = "Solution Files", "Solution Files", "{5D1BCDF4-BE5F-488D-BF24-64F497C5F1B7}"
EndProject
Project("{2150E333-8FDC-42A3-9474-1A3956D46DE8}") = "Docs", "Docs", "{EA1558C3-CFA0-44ED-954B-C773044EB6F9}"
	ProjectSection(SolutionItems) = preProject
		CHANGELOG.md = CHANGELOG.md
		CODE_OF_CONDUCT.md = CODE_OF_CONDUCT.md
		CONTRIBUTING.md = CONTRIBUTING.md
		LICENSE = LICENSE
		.github\PULL_REQUEST_TEMPLATE.md = .github\PULL_REQUEST_TEMPLATE.md
		README.md = README.md
	EndProjectSection
EndProject
Project("{2150E333-8FDC-42A3-9474-1A3956D46DE8}") = "Github Actions", "Github Actions", "{E1FDB1EB-FB63-409E-8962-2929AD1EE63C}"
	ProjectSection(SolutionItems) = preProject
		.github\workflows\ci.yml = .github\workflows\ci.yml
	EndProjectSection
EndProject
Project("{9A19103F-16F7-4668-BE54-9A1E7A4F7556}") = "MyNet.IconCreator.Wpf", "src\MyNet.IconCreator.Wpf\MyNet.IconCreator.Wpf.csproj", "{5075D785-E5CE-483A-A77F-26CA6306A9FF}"
EndProject
Project("{2150E333-8FDC-42A3-9474-1A3956D46DE8}") = "Assets", "Assets", "{02EA681E-C7D8-13C7-8484-4AC65E1B71E8}"
	ProjectSection(SolutionItems) = preProject
		assets\logo.png = assets\logo.png
	EndProjectSection
EndProject
Project("{2150E333-8FDC-42A3-9474-1A3956D46DE8}") = "Code Analysis", "Code Analysis", "{788321C9-1527-4623-AB50-ACC0982C1CAA}"
	ProjectSection(SolutionItems) = preProject
		.editorconfig = .editorconfig
		stylecop.json = stylecop.json
	EndProjectSection
EndProject
Project("{2150E333-8FDC-42A3-9474-1A3956D46DE8}") = "Build", "Build", "{D9BB56F3-8C0A-49C2-B061-C4D000140E51}"
	ProjectSection(SolutionItems) = preProject
		build\code-analysis.props = build\code-analysis.props
		Directory.build.props = Directory.build.props
		Directory.Packages.props = Directory.Packages.props
		FodyWeavers.xml = FodyWeavers.xml
		global.json = global.json
		NuGet.config = NuGet.config
		Settings.XamlStyler = Settings.XamlStyler
	EndProjectSection
EndProject
Global
	GlobalSection(SolutionConfigurationPlatforms) = preSolution
		Debug|Any CPU = Debug|Any CPU
		Release|Any CPU = Release|Any CPU
	EndGlobalSection
	GlobalSection(ProjectConfigurationPlatforms) = postSolution
		{5075D785-E5CE-483A-A77F-26CA6306A9FF}.Debug|Any CPU.ActiveCfg = Debug|Any CPU
		{5075D785-E5CE-483A-A77F-26CA6306A9FF}.Debug|Any CPU.Build.0 = Debug|Any CPU
		{5075D785-E5CE-483A-A77F-26CA6306A9FF}.Release|Any CPU.ActiveCfg = Release|Any CPU
		{5075D785-E5CE-483A-A77F-26CA6306A9FF}.Release|Any CPU.Build.0 = Release|Any CPU
	EndGlobalSection
	GlobalSection(SolutionProperties) = preSolution
		HideSolutionNode = FALSE
	EndGlobalSection
	GlobalSection(NestedProjects) = preSolution
		{EA1558C3-CFA0-44ED-954B-C773044EB6F9} = {5D1BCDF4-BE5F-488D-BF24-64F497C5F1B7}
		{02EA681E-C7D8-13C7-8484-4AC65E1B71E8} = {5D1BCDF4-BE5F-488D-BF24-64F497C5F1B7}
		{788321C9-1527-4623-AB50-ACC0982C1CAA} = {5D1BCDF4-BE5F-488D-BF24-64F497C5F1B7}
		{D9BB56F3-8C0A-49C2-B061-C4D000140E51} = {5D1BCDF4-BE5F-488D-BF24-64F497C5F1B7}
	EndGlobalSection
	GlobalSection(ExtensibilityGlobals) = postSolution
		RESX_CodeReferences = {"Items":[{"Expression":"\\W($File.$Key)\\W","Extensions":".cs,.xaml,.cshtml","IsCaseSensitive":true,"SingleLineComment":"\/\/"},{"Expression":"\\W($File.$Key)\\W","Extensions":".vbhtml","IsCaseSensitive":false,"SingleLineComment":null},{"Expression":"ResourceManager.GetString\\(\"($Key)\"\\)","Extensions":".cs","IsCaseSensitive":true,"SingleLineComment":"\/\/"},{"Expression":"typeof\\((\\w+\\.)*($File)\\).+\"($Key)\"|\"($Key)\".+typeof\\((\\w+\\.)*($File)\\)","Extensions":".cs","IsCaseSensitive":true,"SingleLineComment":"\/\/"},{"Expression":"\\W($Key)\\W","Extensions":".vb","IsCaseSensitive":false,"SingleLineComment":"'"},{"Expression":"\\W($File::$Key)\\W","Extensions":".cpp,.c,.hxx,.h","IsCaseSensitive":true,"SingleLineComment":"\/\/"},{"Expression":"&lt;%\\$\\s+Resources:\\s*($File)\\s*,\\s*($Key)\\s*%&gt;","Extensions":".aspx,.ascx,.master","IsCaseSensitive":true,"SingleLineComment":null},{"Expression":"StringResourceKey\\.($Key)","Extensions":".cs","IsCaseSensitive":true,"SingleLineComment":"\/\/"},{"Expression":"\\.($Key)","Extensions":".ts,.html","IsCaseSensitive":true,"SingleLineComment":"\/\/"},{"Expression":"typeof\\((\\w+\\.)*($File)\\).+nameof\\(($Key)\\)|nameof\\(($Key)\\).+typeof\\((\\w+\\.)*($File)\\)","Extensions":".cs","IsCaseSensitive":true,"SingleLineComment":"\/\/"},{"Expression":"{me:Resource (Key=)?($Key).*","Extensions":".xaml","IsCaseSensitive":true,"SingleLineComment":"\/\/"},{"Expression":"{me:Translation .*Format=$Key.*","Extensions":".xaml","IsCaseSensitive":true,"SingleLineComment":"\/\/"},{"Expression":"{my:Resource (Key=)?($Key).*","Extensions":".xaml","IsCaseSensitive":true,"SingleLineComment":"\/\/"},{"Expression":"Format=($Key)","Extensions":".xaml","IsCaseSensitive":true,"SingleLineComment":"\/\/"},{"Expression":"{my:ShortcutResource (Key=)?($Key).*","Extensions":".xaml","IsCaseSensitive":true,"SingleLineComment":"\/\/"}]}
		SolutionGuid = {4C2A7472-FBCC-4D2C-B21D-0C83E4ADAA1A}
		RESX_NeutralResourcesLanguage = fr-FR
		RESX_AutoCreateNewLanguageFiles = True
		RESX_ConfirmAddLanguageFile = True
	EndGlobalSection
EndGlobal
